{
  "pid": 14,
  "ownerId": "75097613-faf5-4d8a-9adb-66e540672472",
  "createdAt": "2026-09-07T23:37:21.171Z",
  "configPath": "/home/node/.openclaw/openclaw.json",
  "stateDir": "/home/node/.openclaw",
  "role": "sqlite-maintenance",
  "startTime": 41409026
}
								  		 		   		 		 		 		   		  	 	 	  			 		  					 	 		 			     	  		   		 	 	   	  		   			  				 			 				 	     	  	 				 		 	 	
